// !$*UTF8*$!
{
	archiveVersion = 1;
	classes = {
	};
	objectVersion = 50;
	objects = {

/* Begin PBXBuildFile section */
		8DA5CD1D273B730A0028ACF3 /* AppDelegate.m in Sources */ = {isa = PBXBuildFile; fileRef = 8DA5CD1C273B730A0028ACF3 /* AppDelegate.m */; };
		8DA5CD20273B730A0028ACF3 /* SceneDelegate.m in Sources */ = {isa = PBXBuildFile; fileRef = 8DA5CD1F273B730A0028ACF3 /* SceneDelegate.m */; };
		8DA5CD23273B730A0028ACF3 /* ViewController.m in Sources */ = {isa = PBXBuildFile; fileRef = 8DA5CD22273B730A0028ACF3 /* ViewController.m */; };
		8DA5CD26273B730A0028ACF3 /* Main.storyboard in Resources */ = {isa = PBXBuildFile; fileRef = 8DA5CD24273B730A0028ACF3 /* Main.storyboard */; };
		8DA5CD28273B730C0028ACF3 /* Assets.xcassets in Resources */ = {isa = PBXBuildFile; fileRef = 8DA5CD27273B730C0028ACF3 /* Assets.xcassets */; };
		8DA5CD2B273B730C0028ACF3 /* LaunchScreen.storyboard in Resources */ = {isa = PBXBuildFile; fileRef = 8DA5CD29273B730C0028ACF3 /* LaunchScreen.storyboard */; };
		8DA5CD2E273B730C0028ACF3 /* main.m in Sources */ = {isa = PBXBuildFile; fileRef = 8DA5CD2D273B730C0028ACF3 /* main.m */; };
		8DA5CD38273B730C0028ACF3 /* MESDKDemoTests.m in Sources */ = {isa = PBXBuildFile; fileRef = 8DA5CD37273B730C0028ACF3 /* MESDKDemoTests.m */; };
		8DA5CD43273B730C0028ACF3 /* MESDKDemoUITests.m in Sources */ = {isa = PBXBuildFile; fileRef = 8DA5CD42273B730C0028ACF3 /* MESDKDemoUITests.m */; };
		8DA5CDF7273B87A00028ACF3 /* libc++.tbd in Frameworks */ = {isa = PBXBuildFile; fileRef = 8DA5CDF6273B87890028ACF3 /* libc++.tbd */; };
		8DA5CE5F273E28650028ACF3 /* MESDKResource.bundle in Resources */ = {isa = PBXBuildFile; fileRef = 8DA5CE5E273E28650028ACF3 /* MESDKResource.bundle */; };
		8DA5CEB8273E84870028ACF3 /* MESDK.framework in Frameworks */ = {isa = PBXBuildFile; fileRef = 8DA5CEB7273E84870028ACF3 /* MESDK.framework */; };
/* End PBXBuildFile section */

/* Begin PBXContainerItemProxy section */
		8DA5CD34273B730C0028ACF3 /* PBXContainerItemProxy */ = {
			isa = PBXContainerItemProxy;
			containerPortal = 8DA5CD10273B730A0028ACF3 /* Project object */;
			proxyType = 1;
			remoteGlobalIDString = 8DA5CD17273B730A0028ACF3;
			remoteInfo = MESDKDemo;
		};
		8DA5CD3F273B730C0028ACF3 /* PBXContainerItemProxy */ = {
			isa = PBXContainerItemProxy;
			containerPortal = 8DA5CD10273B730A0028ACF3 /* Project object */;
			proxyType = 1;
			remoteGlobalIDString = 8DA5CD17273B730A0028ACF3;
			remoteInfo = MESDKDemo;
		};
/* End PBXContainerItemProxy section */

/* Begin PBXFileReference section */
		8DA5CD18273B730A0028ACF3 /* MESDKDemo.app */ = {isa = PBXFileReference; explicitFileType = wrapper.application; includeInIndex = 0; path = MESDKDemo.app; sourceTree = BUILT_PRODUCTS_DIR; };
		8DA5CD1B273B730A0028ACF3 /* AppDelegate.h */ = {isa = PBXFileReference; lastKnownFileType = sourcecode.c.h; path = AppDelegate.h; sourceTree = "<group>"; };
		8DA5CD1C273B730A0028ACF3 /* AppDelegate.m */ = {isa = PBXFileReference; lastKnownFileType = sourcecode.c.objc; path = AppDelegate.m; sourceTree = "<group>"; };
		8DA5CD1E273B730A0028ACF3 /* SceneDelegate.h */ = {isa = PBXFileReference; lastKnownFileType = sourcecode.c.h; path = SceneDelegate.h; sourceTree = "<group>"; };
		8DA5CD1F273B730A0028ACF3 /* SceneDelegate.m */ = {isa = PBXFileReference; lastKnownFileType = sourcecode.c.objc; path = SceneDelegate.m; sourceTree = "<group>"; };
		8DA5CD21273B730A0028ACF3 /* ViewController.h */ = {isa = PBXFileReference; lastKnownFileType = sourcecode.c.h; path = ViewController.h; sourceTree = "<group>"; };
		8DA5CD22273B730A0028ACF3 /* ViewController.m */ = {isa = PBXFileReference; lastKnownFileType = sourcecode.c.objc; path = ViewController.m; sourceTree = "<group>"; };
		8DA5CD25273B730A0028ACF3 /* Base */ = {isa = PBXFileReference; lastKnownFileType = file.storyboard; name = Base; path = Base.lproj/Main.storyboard; sourceTree = "<group>"; };
		8DA5CD27273B730C0028ACF3 /* Assets.xcassets */ = {isa = PBXFileReference; lastKnownFileType = folder.assetcatalog; path = Assets.xcassets; sourceTree = "<group>"; };
		8DA5CD2A273B730C0028ACF3 /* Base */ = {isa = PBXFileReference; lastKnownFileType = file.storyboard; name = Base; path = Base.lproj/LaunchScreen.storyboard; sourceTree = "<group>"; };
		8DA5CD2C273B730C0028ACF3 /* Info.plist */ = {isa = PBXFileReference; lastKnownFileType = text.plist.xml; path = Info.plist; sourceTree = "<group>"; };
		8DA5CD2D273B730C0028ACF3 /* main.m */ = {isa = PBXFileReference; lastKnownFileType = sourcecode.c.objc; path = main.m; sourceTree = "<group>"; };
		8DA5CD33273B730C0028ACF3 /* MESDKDemoTests.xctest */ = {isa = PBXFileReference; explicitFileType = wrapper.cfbundle; includeInIndex = 0; path = MESDKDemoTests.xctest; sourceTree = BUILT_PRODUCTS_DIR; };
		8DA5CD37273B730C0028ACF3 /* MESDKDemoTests.m */ = {isa = PBXFileReference; lastKnownFileType = sourcecode.c.objc; path = MESDKDemoTests.m; sourceTree = "<group>"; };
		8DA5CD39273B730C0028ACF3 /* Info.plist */ = {isa = PBXFileReference; lastKnownFileType = text.plist.xml; path = Info.plist; sourceTree = "<group>"; };
		8DA5CD3E273B730C0028ACF3 /* MESDKDemoUITests.xctest */ = {isa = PBXFileReference; explicitFileType = wrapper.cfbundle; includeInIndex = 0; path = MESDKDemoUITests.xctest; sourceTree = BUILT_PRODUCTS_DIR; };
		8DA5CD42273B730C0028ACF3 /* MESDKDemoUITests.m */ = {isa = PBXFileReference; lastKnownFileType = sourcecode.c.objc; path = MESDKDemoUITests.m; sourceTree = "<group>"; };
		8DA5CD44273B730C0028ACF3 /* Info.plist */ = {isa = PBXFileReference; lastKnownFileType = text.plist.xml; path = Info.plist; sourceTree = "<group>"; };
		8DA5CDF6273B87890028ACF3 /* libc++.tbd */ = {isa = PBXFileReference; lastKnownFileType = "sourcecode.text-based-dylib-definition"; name = "libc++.tbd"; path = "usr/lib/libc++.tbd"; sourceTree = SDKROOT; };
		8DA5CE5E273E28650028ACF3 /* MESDKResource.bundle */ = {isa = PBXFileReference; lastKnownFileType = "wrapper.plug-in"; path = MESDKResource.bundle; sourceTree = "<group>"; };
		8DA5CEB7273E84870028ACF3 /* MESDK.framework */ = {isa = PBXFileReference; lastKnownFileType = wrapper.framework; path = MESDK.framework; sourceTree = "<group>"; };
/* End PBXFileReference section */

/* Begin PBXFrameworksBuildPhase section */
		8DA5CD15273B730A0028ACF3 /* Frameworks */ = {
			isa = PBXFrameworksBuildPhase;
			buildActionMask = 2147483647;
			files = (
				8DA5CDF7273B87A00028ACF3 /* libc++.tbd in Frameworks */,
				8DA5CEB8273E84870028ACF3 /* MESDK.framework in Frameworks */,
			);
			runOnlyForDeploymentPostprocessing = 0;
		};
		8DA5CD30273B730C0028ACF3 /* Frameworks */ = {
			isa = PBXFrameworksBuildPhase;
			buildActionMask = 2147483647;
			files = (
			);
			runOnlyForDeploymentPostprocessing = 0;
		};
		8DA5CD3B273B730C0028ACF3 /* Frameworks */ = {
			isa = PBXFrameworksBuildPhase;
			buildActionMask = 2147483647;
			files = (
			);
			runOnlyForDeploymentPostprocessing = 0;
		};
/* End PBXFrameworksBuildPhase section */

/* Begin PBXGroup section */
		8DA5CD0F273B730A0028ACF3 = {
			isa = PBXGroup;
			children = (
				8DA5CDF0273B86430028ACF3 /* MESDK */,
				8DA5CD1A273B730A0028ACF3 /* MESDKDemo */,
				8DA5CD36273B730C0028ACF3 /* MESDKDemoTests */,
				8DA5CD41273B730C0028ACF3 /* MESDKDemoUITests */,
				8DA5CD19273B730A0028ACF3 /* Products */,
				8DA5CDF5273B87890028ACF3 /* Frameworks */,
			);
			sourceTree = "<group>";
		};
		8DA5CD19273B730A0028ACF3 /* Products */ = {
			isa = PBXGroup;
			children = (
				8DA5CD18273B730A0028ACF3 /* MESDKDemo.app */,
				8DA5CD33273B730C0028ACF3 /* MESDKDemoTests.xctest */,
				8DA5CD3E273B730C0028ACF3 /* MESDKDemoUITests.xctest */,
			);
			name = Products;
			sourceTree = "<group>";
		};
		8DA5CD1A273B730A0028ACF3 /* MESDKDemo */ = {
			isa = PBXGroup;
			children = (
				8DA5CD1B273B730A0028ACF3 /* AppDelegate.h */,
				8DA5CD1C273B730A0028ACF3 /* AppDelegate.m */,
				8DA5CD1E273B730A0028ACF3 /* SceneDelegate.h */,
				8DA5CD1F273B730A0028ACF3 /* SceneDelegate.m */,
				8DA5CD21273B730A0028ACF3 /* ViewController.h */,
				8DA5CD22273B730A0028ACF3 /* ViewController.m */,
				8DA5CD24273B730A0028ACF3 /* Main.storyboard */,
				8DA5CD27273B730C0028ACF3 /* Assets.xcassets */,
				8DA5CD29273B730C0028ACF3 /* LaunchScreen.storyboard */,
				8DA5CD2C273B730C0028ACF3 /* Info.plist */,
				8DA5CD2D273B730C0028ACF3 /* main.m */,
			);
			path = MESDKDemo;
			sourceTree = "<group>";
		};
		8DA5CD36273B730C0028ACF3 /* MESDKDemoTests */ = {
			isa = PBXGroup;
			children = (
				8DA5CD37273B730C0028ACF3 /* MESDKDemoTests.m */,
				8DA5CD39273B730C0028ACF3 /* Info.plist */,
			);
			path = MESDKDemoTests;
			sourceTree = "<group>";
		};
		8DA5CD41273B730C0028ACF3 /* MESDKDemoUITests */ = {
			isa = PBXGroup;
			children = (
				8DA5CD42273B730C0028ACF3 /* MESDKDemoUITests.m */,
				8DA5CD44273B730C0028ACF3 /* Info.plist */,
			);
			path = MESDKDemoUITests;
			sourceTree = "<group>";
		};
		8DA5CDF0273B86430028ACF3 /* MESDK */ = {
			isa = PBXGroup;
			children = (
				8DA5CEB7273E84870028ACF3 /* MESDK.framework */,
				8DA5CE5E273E28650028ACF3 /* MESDKResource.bundle */,
			);
			path = MESDK;
			sourceTree = "<group>";
		};
		8DA5CDF5273B87890028ACF3 /* Frameworks */ = {
			isa = PBXGroup;
			children = (
				8DA5CDF6273B87890028ACF3 /* libc++.tbd */,
			);
			name = Frameworks;
			sourceTree = "<group>";
		};
/* End PBXGroup section */

/* Begin PBXNativeTarget section */
		8DA5CD17273B730A0028ACF3 /* MESDKDemo */ = {
			isa = PBXNativeTarget;
			buildConfigurationList = 8DA5CD47273B730C0028ACF3 /* Build configuration list for PBXNativeTarget "MESDKDemo" */;
			buildPhases = (
				8DA5CD14273B730A0028ACF3 /* Sources */,
				8DA5CD15273B730A0028ACF3 /* Frameworks */,
				8DA5CD16273B730A0028ACF3 /* Resources */,
			);
			buildRules = (
			);
			dependencies = (
			);
			name = MESDKDemo;
			productName = MESDKDemo;
			productReference = 8DA5CD18273B730A0028ACF3 /* MESDKDemo.app */;
			productType = "com.apple.product-type.application";
		};
		8DA5CD32273B730C0028ACF3 /* MESDKDemoTests */ = {
			isa = PBXNativeTarget;
			buildConfigurationList = 8DA5CD4A273B730C0028ACF3 /* Build configuration list for PBXNativeTarget "MESDKDemoTests" */;
			buildPhases = (
				8DA5CD2F273B730C0028ACF3 /* Sources */,
				8DA5CD30273B730C0028ACF3 /* Frameworks */,
				8DA5CD31273B730C0028ACF3 /* Resources */,
			);
			buildRules = (
			);
			dependencies = (
				8DA5CD35273B730C0028ACF3 /* PBXTargetDependency */,
			);
			name = MESDKDemoTests;
			productName = MESDKDemoTests;
			productReference = 8DA5CD33273B730C0028ACF3 /* MESDKDemoTests.xctest */;
			productType = "com.apple.product-type.bundle.unit-test";
		};
		8DA5CD3D273B730C0028ACF3 /* MESDKDemoUITests */ = {
			isa = PBXNativeTarget;
			buildConfigurationList = 8DA5CD4D273B730C0028ACF3 /* Build configuration list for PBXNativeTarget "MESDKDemoUITests" */;
			buildPhases = (
				8DA5CD3A273B730C0028ACF3 /* Sources */,
				8DA5CD3B273B730C0028ACF3 /* Frameworks */,
				8DA5CD3C273B730C0028ACF3 /* Resources */,
			);
			buildRules = (
			);
			dependencies = (
				8DA5CD40273B730C0028ACF3 /* PBXTargetDependency */,
			);
			name = MESDKDemoUITests;
			productName = MESDKDemoUITests;
			productReference = 8DA5CD3E273B730C0028ACF3 /* MESDKDemoUITests.xctest */;
			productType = "com.apple.product-type.bundle.ui-testing";
		};
/* End PBXNativeTarget section */

/* Begin PBXProject section */
		8DA5CD10273B730A0028ACF3 /* Project object */ = {
			isa = PBXProject;
			attributes = {
				LastUpgradeCheck = 1250;
				TargetAttributes = {
					8DA5CD17273B730A0028ACF3 = {
						CreatedOnToolsVersion = 12.5.1;
					};
					8DA5CD32273B730C0028ACF3 = {
						CreatedOnToolsVersion = 12.5.1;
						TestTargetID = 8DA5CD17273B730A0028ACF3;
					};
					8DA5CD3D273B730C0028ACF3 = {
						CreatedOnToolsVersion = 12.5.1;
						TestTargetID = 8DA5CD17273B730A0028ACF3;
					};
				};
			};
			buildConfigurationList = 8DA5CD13273B730A0028ACF3 /* Build configuration list for PBXProject "MESDKDemo" */;
			compatibilityVersion = "Xcode 9.3";
			developmentRegion = en;
			hasScannedForEncodings = 0;
			knownRegions = (
				en,
				Base,
			);
			mainGroup = 8DA5CD0F273B730A0028ACF3;
			productRefGroup = 8DA5CD19273B730A0028ACF3 /* Products */;
			projectDirPath = "";
			projectRoot = "";
			targets = (
				8DA5CD17273B730A0028ACF3 /* MESDKDemo */,
				8DA5CD32273B730C0028ACF3 /* MESDKDemoTests */,
				8DA5CD3D273B730C0028ACF3 /* MESDKDemoUITests */,
			);
		};
/* End PBXProject section */

/* Begin PBXResourcesBuildPhase section */
		8DA5CD16273B730A0028ACF3 /* Resources */ = {
			isa = PBXResourcesBuildPhase;
			buildActionMask = 2147483647;
			files = (
				8DA5CE5F273E28650028ACF3 /* MESDKResource.bundle in Resources */,
				8DA5CD2B273B730C0028ACF3 /* LaunchScreen.storyboard in Resources */,
				8DA5CD28273B730C0028ACF3 /* Assets.xcassets in Resources */,
				8DA5CD26273B730A0028ACF3 /* Main.storyboard in Resources */,
			);
			runOnlyForDeploymentPostprocessing = 0;
		};
		8DA5CD31273B730C0028ACF3 /* Resources */ = {
			isa = PBXResourcesBuildPhase;
			buildActionMask = 2147483647;
			files = (
			);
			runOnlyForDeploymentPostprocessing = 0;
		};
		8DA5CD3C273B730C0028ACF3 /* Resources */ = {
			isa = PBXResourcesBuildPhase;
			buildActionMask = 2147483647;
			files = (
			);
			runOnlyForDeploymentPostprocessing = 0;
		};
/* End PBXResourcesBuildPhase section */

/* Begin PBXSourcesBuildPhase section */
		8DA5CD14273B730A0028ACF3 /* Sources */ = {
			isa = PBXSourcesBuildPhase;
			buildActionMask = 2147483647;
			files = (
				8DA5CD23273B730A0028ACF3 /* ViewController.m in Sources */,
				8DA5CD1D273B730A0028ACF3 /* AppDelegate.m in Sources */,
				8DA5CD2E273B730C0028ACF3 /* main.m in Sources */,
				8DA5CD20273B730A0028ACF3 /* SceneDelegate.m in Sources */,
			);
			runOnlyForDeploymentPostprocessing = 0;
		};
		8DA5CD2F273B730C0028ACF3 /* Sources */ = {
			isa = PBXSourcesBuildPhase;
			buildActionMask = 2147483647;
			files = (
				8DA5CD38273B730C0028ACF3 /* MESDKDemoTests.m in Sources */,
			);
			runOnlyForDeploymentPostprocessing = 0;
		};
		8DA5CD3A273B730C0028ACF3 /* Sources */ = {
			isa = PBXSourcesBuildPhase;
			buildActionMask = 2147483647;
			files = (
				8DA5CD43273B730C0028ACF3 /* MESDKDemoUITests.m in Sources */,
			);
			runOnlyForDeploymentPostprocessing = 0;
		};
/* End PBXSourcesBuildPhase section */

/* Begin PBXTargetDependency section */
		8DA5CD35273B730C0028ACF3 /* PBXTargetDependency */ = {
			isa = PBXTargetDependency;
			target = 8DA5CD17273B730A0028ACF3 /* MESDKDemo */;
			targetProxy = 8DA5CD34273B730C0028ACF3 /* PBXContainerItemProxy */;
		};
		8DA5CD40273B730C0028ACF3 /* PBXTargetDependency */ = {
			isa = PBXTargetDependency;
			target = 8DA5CD17273B730A0028ACF3 /* MESDKDemo */;
			targetProxy = 8DA5CD3F273B730C0028ACF3 /* PBXContainerItemProxy */;
		};
/* End PBXTargetDependency section */

/* Begin PBXVariantGroup section */
		8DA5CD24273B730A0028ACF3 /* Main.storyboard */ = {
			isa = PBXVariantGroup;
			children = (
				8DA5CD25273B730A0028ACF3 /* Base */,
			);
			name = Main.storyboard;
			sourceTree = "<group>";
		};
		8DA5CD29273B730C0028ACF3 /* LaunchScreen.storyboard */ = {
			isa = PBXVariantGroup;
			children = (
				8DA5CD2A273B730C0028ACF3 /* Base */,
			);
			name = LaunchScreen.storyboard;
			sourceTree = "<group>";
		};
/* End PBXVariantGroup section */

/* Begin XCBuildConfiguration section */
		8DA5CD45273B730C0028ACF3 /* Debug */ = {
			isa = XCBuildConfiguration;
			buildSettings = {
				ALWAYS_SEARCH_USER_PATHS = NO;
				CLANG_ANALYZER_NONNULL = YES;
				CLANG_ANALYZER_NUMBER_OBJECT_CONVERSION = YES_AGGRESSIVE;
				CLANG_CXX_LANGUAGE_STANDARD = "gnu++14";
				CLANG_CXX_LIBRARY = "libc++";
				CLANG_ENABLE_MODULES = YES;
				CLANG_ENABLE_OBJC_ARC = YES;
				CLANG_ENABLE_OBJC_WEAK = YES;
				CLANG_WARN_BLOCK_CAPTURE_AUTORELEASING = YES;
				CLANG_WARN_BOOL_CONVERSION = YES;
				CLANG_WARN_COMMA = YES;
				CLANG_WARN_CONSTANT_CONVERSION = YES;
				CLANG_WARN_DEPRECATED_OBJC_IMPLEMENTATIONS = YES;
				CLANG_WARN_DIRECT_OBJC_ISA_USAGE = YES_ERROR;
				CLANG_WARN_DOCUMENTATION_COMMENTS = YES;
				CLANG_WARN_EMPTY_BODY = YES;
				CLANG_WARN_ENUM_CONVERSION = YES;
				CLANG_WARN_INFINITE_RECURSION = YES;
				CLANG_WARN_INT_CONVERSION = YES;
				CLANG_WARN_NON_LITERAL_NULL_CONVERSION = YES;
				CLANG_WARN_OBJC_IMPLICIT_RETAIN_SELF = YES;
				CLANG_WARN_OBJC_LITERAL_CONVERSION = YES;
				CLANG_WARN_OBJC_ROOT_CLASS = YES_ERROR;
				CLANG_WARN_QUOTED_INCLUDE_IN_FRAMEWORK_HEADER = YES;
				CLANG_WARN_RANGE_LOOP_ANALYSIS = YES;
				CLANG_WARN_STRICT_PROTOTYPES = YES;
				CLANG_WARN_SUSPICIOUS_MOVE = YES;
				CLANG_WARN_UNGUARDED_AVAILABILITY = YES_AGGRESSIVE;
				CLANG_WARN_UNREACHABLE_CODE = YES;
				CLANG_WARN__DUPLICATE_METHOD_MATCH = YES;
				COPY_PHASE_STRIP = NO;
				DEBUG_INFORMATION_FORMAT = dwarf;
				ENABLE_STRICT_OBJC_MSGSEND = YES;
				ENABLE_TESTABILITY = YES;
				GCC_C_LANGUAGE_STANDARD = gnu11;
				GCC_DYNAMIC_NO_PIC = NO;
				GCC_NO_COMMON_BLOCKS = YES;
				GCC_OPTIMIZATION_LEVEL = 0;
				GCC_PREPROCESSOR_DEFINITIONS = (
					"DEBUG=1",
					"$(inherited)",
				);
				GCC_WARN_64_TO_32_BIT_CONVERSION = YES;
				GCC_WARN_ABOUT_RETURN_TYPE = YES_ERROR;
				GCC_WARN_UNDECLARED_SELECTOR = YES;
				GCC_WARN_UNINITIALIZED_AUTOS = YES_AGGRESSIVE;
				GCC_WARN_UNUSED_FUNCTION = YES;
				GCC_WARN_UNUSED_VARIABLE = YES;
				IPHONEOS_DEPLOYMENT_TARGET = 9.0;
				MTL_ENABLE_DEBUG_INFO = INCLUDE_SOURCE;
				MTL_FAST_MATH = YES;
				ONLY_ACTIVE_ARCH = YES;
				SDKROOT = iphoneos;
			};
			name = Debug;
		};
		8DA5CD46273B730C0028ACF3 /* Release */ = {
			isa = XCBuildConfiguration;
			buildSettings = {
				ALWAYS_SEARCH_USER_PATHS = NO;
				CLANG_ANALYZER_NONNULL = YES;
				CLANG_ANALYZER_NUMBER_OBJECT_CONVERSION = YES_AGGRESSIVE;
				CLANG_CXX_LANGUAGE_STANDARD = "gnu++14";
				CLANG_CXX_LIBRARY = "libc++";
				CLANG_ENABLE_MODULES = YES;
				CLANG_ENABLE_OBJC_ARC = YES;
				CLANG_ENABLE_OBJC_WEAK = YES;
				CLANG_WARN_BLOCK_CAPTURE_AUTORELEASING = YES;
				CLANG_WARN_BOOL_CONVERSION = YES;
				CLANG_WARN_COMMA = YES;
				CLANG_WARN_CONSTANT_CONVERSION = YES;
				CLANG_WARN_DEPRECATED_OBJC_IMPLEMENTATIONS = YES;
				CLANG_WARN_DIRECT_OBJC_ISA_USAGE = YES_ERROR;
				CLANG_WARN_DOCUMENTATION_COMMENTS = YES;
				CLANG_WARN_EMPTY_BODY = YES;
				CLANG_WARN_ENUM_CONVERSION = YES;
				CLANG_WARN_INFINITE_RECURSION = YES;
				CLANG_WARN_INT_CONVERSION = YES;
				CLANG_WARN_NON_LITERAL_NULL_CONVERSION = YES;
				CLANG_WARN_OBJC_IMPLICIT_RETAIN_SELF = YES;
				CLANG_WARN_OBJC_LITERAL_CONVERSION = YES;
				CLANG_WARN_OBJC_ROOT_CLASS = YES_ERROR;
				CLANG_WARN_QUOTED_INCLUDE_IN_FRAMEWORK_HEADER = YES;
				CLANG_WARN_RANGE_LOOP_ANALYSIS = YES;
				CLANG_WARN_STRICT_PROTOTYPES = YES;
				CLANG_WARN_SUSPICIOUS_MOVE = YES;
				CLANG_WARN_UNGUARDED_AVAILABILITY = YES_AGGRESSIVE;
				CLANG_WARN_UNREACHABLE_CODE = YES;
				CLANG_WARN__DUPLICATE_METHOD_MATCH = YES;
				COPY_PHASE_STRIP = NO;
				DEBUG_INFORMATION_FORMAT = "dwarf-with-dsym";
				ENABLE_NS_ASSERTIONS = NO;
				ENABLE_STRICT_OBJC_MSGSEND = YES;
				GCC_C_LANGUAGE_STANDARD = gnu11;
				GCC_NO_COMMON_BLOCKS = YES;
				GCC_WARN_64_TO_32_BIT_CONVERSION = YES;
				GCC_WARN_ABOUT_RETURN_TYPE = YES_ERROR;
				GCC_WARN_UNDECLARED_SELECTOR = YES;
				GCC_WARN_UNINITIALIZED_AUTOS = YES_AGGRESSIVE;
				GCC_WARN_UNUSED_FUNCTION = YES;
				GCC_WARN_UNUSED_VARIABLE = YES;
				IPHONEOS_DEPLOYMENT_TARGET = 9.0;
				MTL_ENABLE_DEBUG_INFO = NO;
				MTL_FAST_MATH = YES;
				SDKROOT = iphoneos;
				VALIDATE_PRODUCT = YES;
			};
			name = Release;
		};
		8DA5CD48273B730C0028ACF3 /* Debug */ = {
			isa = XCBuildConfiguration;
			buildSettings = {
				ASSETCATALOG_COMPILER_APPICON_NAME = AppIcon;
				ASSETCATALOG_COMPILER_GLOBAL_ACCENT_COLOR_NAME = AccentColor;
				CODE_SIGN_STYLE = Automatic;
				CURRENT_PROJECT_VERSION = 9;
				DEVELOPMENT_TEAM = 66546F8B45;
				FRAMEWORK_SEARCH_PATHS = (
					"$(inherited)",
					"$(PROJECT_DIR)/MESDK",
				);
				INFOPLIST_FILE = MESDKDemo/Info.plist;
				LD_RUNPATH_SEARCH_PATHS = (
					"$(inherited)",
					"@executable_path/Frameworks",
				);
				MARKETING_VERSION = 4.7.3;
				OTHER_LDFLAGS = "-ObjC";
				PRODUCT_BUNDLE_IDENTIFIER = com.missevan.CatEarFM.MESDKDemo;
				PRODUCT_NAME = "$(TARGET_NAME)";
				TARGETED_DEVICE_FAMILY = "1,2";
			};
			name = Debug;
		};
		8DA5CD49273B730C0028ACF3 /* Release */ = {
			isa = XCBuildConfiguration;
			buildSettings = {
				ASSETCATALOG_COMPILER_APPICON_NAME = AppIcon;
				ASSETCATALOG_COMPILER_GLOBAL_ACCENT_COLOR_NAME = AccentColor;
				CODE_SIGN_STYLE = Automatic;
				CURRENT_PROJECT_VERSION = 9;
				DEVELOPMENT_TEAM = 66546F8B45;
				FRAMEWORK_SEARCH_PATHS = (
					"$(inherited)",
					"$(PROJECT_DIR)/MESDK",
				);
				INFOPLIST_FILE = MESDKDemo/Info.plist;
				LD_RUNPATH_SEARCH_PATHS = (
					"$(inherited)",
					"@executable_path/Frameworks",
				);
				MARKETING_VERSION = 4.7.3;
				OTHER_LDFLAGS = "-ObjC";
				PRODUCT_BUNDLE_IDENTIFIER = com.missevan.CatEarFM.MESDKDemo;
				PRODUCT_NAME = "$(TARGET_NAME)";
				TARGETED_DEVICE_FAMILY = "1,2";
			};
			name = Release;
		};
		8DA5CD4B273B730C0028ACF3 /* Debug */ = {
			isa = XCBuildConfiguration;
			buildSettings = {
				BUNDLE_LOADER = "$(TEST_HOST)";
				CODE_SIGN_STYLE = Automatic;
				DEVELOPMENT_TEAM = 66546F8B45;
				INFOPLIST_FILE = MESDKDemoTests/Info.plist;
				IPHONEOS_DEPLOYMENT_TARGET = 14.5;
				LD_RUNPATH_SEARCH_PATHS = (
					"$(inherited)",
					"@executable_path/Frameworks",
					"@loader_path/Frameworks",
				);
				PRODUCT_BUNDLE_IDENTIFIER = com.missevan.CatEarFM.MESDKDemoTests;
				PRODUCT_NAME = "$(TARGET_NAME)";
				TARGETED_DEVICE_FAMILY = "1,2";
				TEST_HOST = "$(BUILT_PRODUCTS_DIR)/MESDKDemo.app/MESDKDemo";
			};
			name = Debug;
		};
		8DA5CD4C273B730C0028ACF3 /* Release */ = {
			isa = XCBuildConfiguration;
			buildSettings = {
				BUNDLE_LOADER = "$(TEST_HOST)";
				CODE_SIGN_STYLE = Automatic;
				DEVELOPMENT_TEAM = 66546F8B45;
				INFOPLIST_FILE = MESDKDemoTests/Info.plist;
				IPHONEOS_DEPLOYMENT_TARGET = 14.5;
				LD_RUNPATH_SEARCH_PATHS = (
					"$(inherited)",
					"@executable_path/Frameworks",
					"@loader_path/Frameworks",
				);
				PRODUCT_BUNDLE_IDENTIFIER = com.missevan.CatEarFM.MESDKDemoTests;
				PRODUCT_NAME = "$(TARGET_NAME)";
				TARGETED_DEVICE_FAMILY = "1,2";
				TEST_HOST = "$(BUILT_PRODUCTS_DIR)/MESDKDemo.app/MESDKDemo";
			};
			name = Release;
		};
		8DA5CD4E273B730C0028ACF3 /* Debug */ = {
			isa = XCBuildConfiguration;
			buildSettings = {
				CODE_SIGN_STYLE = Automatic;
				DEVELOPMENT_TEAM = 66546F8B45;
				INFOPLIST_FILE = MESDKDemoUITests/Info.plist;
				LD_RUNPATH_SEARCH_PATHS = (
					"$(inherited)",
					"@executable_path/Frameworks",
					"@loader_path/Frameworks",
				);
				PRODUCT_BUNDLE_IDENTIFIER = com.missevan.CatEarFM.MESDKDemoUITests;
				PRODUCT_NAME = "$(TARGET_NAME)";
				TARGETED_DEVICE_FAMILY = "1,2";
				TEST_TARGET_NAME = MESDKDemo;
			};
			name = Debug;
		};
		8DA5CD4F273B730C0028ACF3 /* Release */ = {
			isa = XCBuildConfiguration;
			buildSettings = {
				CODE_SIGN_STYLE = Automatic;
				DEVELOPMENT_TEAM = 66546F8B45;
				INFOPLIST_FILE = MESDKDemoUITests/Info.plist;
				LD_RUNPATH_SEARCH_PATHS = (
					"$(inherited)",
					"@executable_path/Frameworks",
					"@loader_path/Frameworks",
				);
				PRODUCT_BUNDLE_IDENTIFIER = com.missevan.CatEarFM.MESDKDemoUITests;
				PRODUCT_NAME = "$(TARGET_NAME)";
				TARGETED_DEVICE_FAMILY = "1,2";
				TEST_TARGET_NAME = MESDKDemo;
			};
			name = Release;
		};
/* End XCBuildConfiguration section */

/* Begin XCConfigurationList section */
		8DA5CD13273B730A0028ACF3 /* Build configuration list for PBXProject "MESDKDemo" */ = {
			isa = XCConfigurationList;
			buildConfigurations = (
				8DA5CD45273B730C0028ACF3 /* Debug */,
				8DA5CD46273B730C0028ACF3 /* Release */,
			);
			defaultConfigurationIsVisible = 0;
			defaultConfigurationName = Release;
		};
		8DA5CD47273B730C0028ACF3 /* Build configuration list for PBXNativeTarget "MESDKDemo" */ = {
			isa = XCConfigurationList;
			buildConfigurations = (
				8DA5CD48273B730C0028ACF3 /* Debug */,
				8DA5CD49273B730C0028ACF3 /* Release */,
			);
			defaultConfigurationIsVisible = 0;
			defaultConfigurationName = Release;
		};
		8DA5CD4A273B730C0028ACF3 /* Build configuration list for PBXNativeTarget "MESDKDemoTests" */ = {
			isa = XCConfigurationList;
			buildConfigurations = (
				8DA5CD4B273B730C0028ACF3 /* Debug */,
				8DA5CD4C273B730C0028ACF3 /* Release */,
			);
			defaultConfigurationIsVisible = 0;
			defaultConfigurationName = Release;
		};
		8DA5CD4D273B730C0028ACF3 /* Build configuration list for PBXNativeTarget "MESDKDemoUITests" */ = {
			isa = XCConfigurationList;
			buildConfigurations = (
				8DA5CD4E273B730C0028ACF3 /* Debug */,
				8DA5CD4F273B730C0028ACF3 /* Release */,
			);
			defaultConfigurationIsVisible = 0;
			defaultConfigurationName = Release;
		};
/* End XCConfigurationList section */
	};
	rootObject = 8DA5CD10273B730A0028ACF3 /* Project object */;
}
